
Microsoft Visual Studio Solution File, Format Version 12.00
# Visual Studio 14
VisualStudioVersion = 14.0.25420.1
MinimumVisualStudioVersion = 10.0.40219.1
Project("{F184B08F-C81C-45F6-A57F-5ABD9991F28F}") = "Util", "Util\Util.vbproj", "{486CE74A-9E63-47AA-8605-0530869023D5}"
EndProject
Project("{F184B08F-C81C-45F6-A57F-5ABD9991F28F}") = "IfCad", "IfCad\IfCad.vbproj", "{778F1CD9-E2E4-46D5-985D-011CFEB69220}"
EndProject
Project("{F184B08F-C81C-45F6-A57F-5ABD9991F28F}") = "Geral", "Geral\Geral.vbproj", "{70717221-C16B-4A7C-9041-E37153528DD5}"
EndProject
Project("{F184B08F-C81C-45F6-A57F-5ABD9991F28F}") = "CipRelatWeb", "CipRelatWeb\CipRelatWeb.vbproj", "{6C1F6928-E803-4D49-A2C1-05906C85DF87}"
EndProject
Project("{F184B08F-C81C-45F6-A57F-5ABD9991F28F}") = "IfCip", "IfCip\IfCip.vbproj", "{E25B4346-86FE-4DC5-AF5A-849B0E34BC72}"
EndProject
Project("{F184B08F-C81C-45F6-A57F-5ABD9991F28F}") = "KbMatGrava", "KbMatGrava\KbMatGrava.vbproj", "{34299267-9DF8-4C81-8132-05D4F7E5E4D4}"
EndProject
Project("{F184B08F-C81C-45F6-A57F-5ABD9991F28F}") = "KbMatGravaRelat", "KbMatGravaRelat\KbMatGravaRelat.vbproj", "{4E883180-6FC7-4D46-B937-9E440FF36D13}"
EndProject
Project("{F184B08F-C81C-45F6-A57F-5ABD9991F28F}") = "KbMistGrava", "KbMistGrava\KbMistGrava.vbproj", "{766EE863-FBDE-48BB-9698-9F592CDC1E09}"
EndProject
Project("{F184B08F-C81C-45F6-A57F-5ABD9991F28F}") = "KbMistGravaRelat", "KbMistGravaRelat\KbMistGravaRelat.vbproj", "{E395E9CF-1001-4D36-9401-34942544A0B3}"
EndProject
Project("{F184B08F-C81C-45F6-A57F-5ABD9991F28F}") = "KbMistGravaRelatBredos", "KbMistGravaRelatBredos\KbMistGravaRelatBredos.vbproj", "{A728184A-5B01-47C7-87E6-B2D47171906A}"
EndProject
Project("{F184B08F-C81C-45F6-A57F-5ABD9991F28F}") = "KbPastGrava", "KbPastGrava\KbPastGrava.vbproj", "{8BA0A333-4A1D-4A93-ADE2-2BD10C73C65E}"
EndProject
Project("{F184B08F-C81C-45F6-A57F-5ABD9991F28F}") = "KbPastGravaRelat", "KbPastGravaRelat\KbPastGravaRelat.vbproj", "{4B0004AE-2FD2-440C-B026-78DC8DF6409B}"
EndProject
Project("{F184B08F-C81C-45F6-A57F-5ABD9991F28F}") = "KbMatGravaSrv", "KbMatGravaSrv\KbMatGravaSrv.vbproj", "{6C56FDF7-E1B3-4DD6-96F3-7687F42635F9}"
EndProject
Project("{F184B08F-C81C-45F6-A57F-5ABD9991F28F}") = "KbMistGravaSrv", "KbMistGravaSrv\KbMistGravaSrv.vbproj", "{E4EF1D65-5858-4775-9C55-C694EC3558FD}"
EndProject
Project("{F184B08F-C81C-45F6-A57F-5ABD9991F28F}") = "KbPastGravaSrv", "KbPastGravaSrv\KbPastGravaSrv.vbproj", "{8308585D-D2E3-48BE-B295-B1E1EB592B5E}"
EndProject
Project("{F184B08F-C81C-45F6-A57F-5ABD9991F28F}") = "Teste", "Teste\Teste.vbproj", "{24C47E25-622F-46A5-8E07-13ACF5A1FA43}"
EndProject
Project("{F184B08F-C81C-45F6-A57F-5ABD9991F28F}") = "KbCipPlanejCtrl", "KbCipPlanejCtrl\KbCipPlanejCtrl.vbproj", "{0FBE9A33-DF77-49E0-9110-51421ACE2A17}"
EndProject
Project("{F184B08F-C81C-45F6-A57F-5ABD9991F28F}") = "KbCipPlanejCtrlSrv", "KbCipPlanejCtrlSrv\KbCipPlanejCtrlSrv.vbproj", "{D4361B20-83C2-41F0-997A-361CAD6B3692}"
EndProject
Project("{F184B08F-C81C-45F6-A57F-5ABD9991F28F}") = "KbCipRotas", "KbCipRotas\KbCipRotas.vbproj", "{EB139086-2650-44CD-A61E-046F886E74BD}"
EndProject
Project("{F184B08F-C81C-45F6-A57F-5ABD9991F28F}") = "KbCipRotasRelat", "KbCipRotasRelat\KbCipRotasRelat.vbproj", "{9D5268C7-C84D-4537-BC80-D1686CD8AAFE}"
EndProject
Project("{F184B08F-C81C-45F6-A57F-5ABD9991F28F}") = "KbRecEdit", "KbRecEdit\KbRecEdit.vbproj", "{1746A7B8-983C-4B30-BCA3-0C271C925AF9}"
EndProject
Project("{F184B08F-C81C-45F6-A57F-5ABD9991F28F}") = "KbRecRelat", "KbRecRelat\KbRecRelat.vbproj", "{7D6423CA-0721-4621-9116-7F82875686F7}"
EndProject
Project("{F184B08F-C81C-45F6-A57F-5ABD9991F28F}") = "KbWebCall", "KbWebCall\KbWebCall.vbproj", "{2ED220BB-4EE9-41BB-894B-198DB1AFA085}"
EndProject
Project("{F184B08F-C81C-45F6-A57F-5ABD9991F28F}") = "IfSrvCkh", "IfSrvCkh\IfSrvCkh.vbproj", "{5ADE3B7F-00FB-4C2F-A904-15F389CAD597}"
EndProject
Project("{F184B08F-C81C-45F6-A57F-5ABD9991F28F}") = "KbToledoCtrl", "KbToledoCtrl\KbToledoCtrl.vbproj", "{2F1D9530-7899-4CC1-8D5B-14A3496F9C8D}"
EndProject
Project("{F184B08F-C81C-45F6-A57F-5ABD9991F28F}") = "KbToledoCtrlSrv", "KbToledoCtrlSrv\KbToledoCtrlSrv.vbproj", "{A7238E72-3262-45C7-B01C-6A2D809AF550}"
EndProject
Project("{F184B08F-C81C-45F6-A57F-5ABD9991F28F}") = "KbToledoRelat", "KbToledoRelat\KbToledoRelat.vbproj", "{AB3A711B-FD17-414A-957A-E07783C66D70}"
EndProject
Project("{F184B08F-C81C-45F6-A57F-5ABD9991F28F}") = "KbSrvChk", "KbSrvCkh\KbSrvChk.vbproj", "{FEEA325E-FEF7-4F91-A345-FCAE3CEF42D7}"
EndProject
Project("{F184B08F-C81C-45F6-A57F-5ABD9991F28F}") = "KbSrvChkSrv", "KbSrvCkhSrv\KbSrvChkSrv.vbproj", "{74CC5A13-A3DA-4FEE-B63C-4B7968272F8E}"
EndProject
Project("{F184B08F-C81C-45F6-A57F-5ABD9991F28F}") = "KbSrvIni", "KbSrvIni\KbSrvIni.vbproj", "{2E2E7E09-BE5F-408C-889A-7622E4A36724}"
EndProject
Project("{F184B08F-C81C-45F6-A57F-5ABD9991F28F}") = "KbSrvIniSrv", "KbSrvIniSrv\KbSrvIniSrv.vbproj", "{265DE541-2943-476F-8593-349B3B9429BB}"
EndProject
Project("{F184B08F-C81C-45F6-A57F-5ABD9991F28F}") = "IfProd", "IfProd\IfProd.vbproj", "{E646FE49-92A7-4BE4-A506-E792E6BC0971}"
EndProject
Project("{F184B08F-C81C-45F6-A57F-5ABD9991F28F}") = "KbImprimeReceita", "KbImprimeReceita\KbImprimeReceita.vbproj", "{C0A71C3E-313F-4B22-B700-5D6C639AFD64}"
EndProject
Project("{F184B08F-C81C-45F6-A57F-5ABD9991F28F}") = "KbImprimeReceitaPreench", "KbImprimeReceitaPreench\KbImprimeReceitaPreench.vbproj", "{225B0F2C-3653-4EB7-8FB8-8B4EBA649890}"
EndProject
Project("{F184B08F-C81C-45F6-A57F-5ABD9991F28F}") = "KbProdPlanejCtrl", "KbProdPlanejCtrl\KbProdPlanejCtrl.vbproj", "{FB438498-4AEC-4B7E-8BB6-C679D15F2396}"
EndProject
Project("{F184B08F-C81C-45F6-A57F-5ABD9991F28F}") = "KbProdPlanejCtrlSrv", "KbProdPlanejCtrlSrv\KbProdPlanejCtrlSrv.vbproj", "{4A8317B8-0E0F-4339-BF1B-18DE0AB97BC9}"
EndProject
Global
	GlobalSection(SolutionConfigurationPlatforms) = preSolution
		Debug|.NET = Debug|.NET
		Debug|Any CPU = Debug|Any CPU
		Debug|Mixed Platforms = Debug|Mixed Platforms
		Debug|x86 = Debug|x86
		Release|.NET = Release|.NET
		Release|Any CPU = Release|Any CPU
		Release|Mixed Platforms = Release|Mixed Platforms
		Release|x86 = Release|x86
	EndGlobalSection
	GlobalSection(ProjectConfigurationPlatforms) = postSolution
		{486CE74A-9E63-47AA-8605-0530869023D5}.Debug|.NET.ActiveCfg = Debug|Any CPU
		{486CE74A-9E63-47AA-8605-0530869023D5}.Debug|Any CPU.ActiveCfg = Debug|Any CPU
		{486CE74A-9E63-47AA-8605-0530869023D5}.Debug|Any CPU.Build.0 = Debug|Any CPU
		{486CE74A-9E63-47AA-8605-0530869023D5}.Debug|Mixed Platforms.ActiveCfg = Debug|Any CPU
		{486CE74A-9E63-47AA-8605-0530869023D5}.Debug|Mixed Platforms.Build.0 = Debug|Any CPU
		{486CE74A-9E63-47AA-8605-0530869023D5}.Debug|x86.ActiveCfg = Debug|Any CPU
		{486CE74A-9E63-47AA-8605-0530869023D5}.Release|.NET.ActiveCfg = Release|Any CPU
		{486CE74A-9E63-47AA-8605-0530869023D5}.Release|Any CPU.ActiveCfg = Release|Any CPU
		{486CE74A-9E63-47AA-8605-0530869023D5}.Release|Any CPU.Build.0 = Release|Any CPU
		{486CE74A-9E63-47AA-8605-0530869023D5}.Release|Mixed Platforms.ActiveCfg = Release|Any CPU
		{486CE74A-9E63-47AA-8605-0530869023D5}.Release|Mixed Platforms.Build.0 = Release|Any CPU
		{486CE74A-9E63-47AA-8605-0530869023D5}.Release|x86.ActiveCfg = Release|Any CPU
		{778F1CD9-E2E4-46D5-985D-011CFEB69220}.Debug|.NET.ActiveCfg = Debug|x86
		{778F1CD9-E2E4-46D5-985D-011CFEB69220}.Debug|Any CPU.ActiveCfg = Debug|x86
		{778F1CD9-E2E4-46D5-985D-011CFEB69220}.Debug|Mixed Platforms.ActiveCfg = Debug|x86
		{778F1CD9-E2E4-46D5-985D-011CFEB69220}.Debug|Mixed Platforms.Build.0 = Debug|x86
		{778F1CD9-E2E4-46D5-985D-011CFEB69220}.Debug|x86.ActiveCfg = Debug|x86
		{778F1CD9-E2E4-46D5-985D-011CFEB69220}.Debug|x86.Build.0 = Debug|x86
		{778F1CD9-E2E4-46D5-985D-011CFEB69220}.Release|.NET.ActiveCfg = Release|x86
		{778F1CD9-E2E4-46D5-985D-011CFEB69220}.Release|Any CPU.ActiveCfg = Release|x86
		{778F1CD9-E2E4-46D5-985D-011CFEB69220}.Release|Mixed Platforms.ActiveCfg = Release|x86
		{778F1CD9-E2E4-46D5-985D-011CFEB69220}.Release|Mixed Platforms.Build.0 = Release|x86
		{778F1CD9-E2E4-46D5-985D-011CFEB69220}.Release|x86.ActiveCfg = Release|x86
		{778F1CD9-E2E4-46D5-985D-011CFEB69220}.Release|x86.Build.0 = Release|x86
		{70717221-C16B-4A7C-9041-E37153528DD5}.Debug|.NET.ActiveCfg = Debug|Any CPU
		{70717221-C16B-4A7C-9041-E37153528DD5}.Debug|Any CPU.ActiveCfg = Debug|Any CPU
		{70717221-C16B-4A7C-9041-E37153528DD5}.Debug|Any CPU.Build.0 = Debug|Any CPU
		{70717221-C16B-4A7C-9041-E37153528DD5}.Debug|Mixed Platforms.ActiveCfg = Debug|Any CPU
		{70717221-C16B-4A7C-9041-E37153528DD5}.Debug|Mixed Platforms.Build.0 = Debug|Any CPU
		{70717221-C16B-4A7C-9041-E37153528DD5}.Debug|x86.ActiveCfg = Debug|Any CPU
		{70717221-C16B-4A7C-9041-E37153528DD5}.Release|.NET.ActiveCfg = Release|Any CPU
		{70717221-C16B-4A7C-9041-E37153528DD5}.Release|Any CPU.ActiveCfg = Release|Any CPU
		{70717221-C16B-4A7C-9041-E37153528DD5}.Release|Any CPU.Build.0 = Release|Any CPU
		{70717221-C16B-4A7C-9041-E37153528DD5}.Release|Mixed Platforms.ActiveCfg = Release|Any CPU
		{70717221-C16B-4A7C-9041-E37153528DD5}.Release|Mixed Platforms.Build.0 = Release|Any CPU
		{70717221-C16B-4A7C-9041-E37153528DD5}.Release|x86.ActiveCfg = Release|Any CPU
		{6C1F6928-E803-4D49-A2C1-05906C85DF87}.Debug|.NET.ActiveCfg = Debug|Any CPU
		{6C1F6928-E803-4D49-A2C1-05906C85DF87}.Debug|Any CPU.ActiveCfg = Debug|Any CPU
		{6C1F6928-E803-4D49-A2C1-05906C85DF87}.Debug|Any CPU.Build.0 = Debug|Any CPU
		{6C1F6928-E803-4D49-A2C1-05906C85DF87}.Debug|Mixed Platforms.ActiveCfg = Debug|Any CPU
		{6C1F6928-E803-4D49-A2C1-05906C85DF87}.Debug|Mixed Platforms.Build.0 = Debug|Any CPU
		{6C1F6928-E803-4D49-A2C1-05906C85DF87}.Debug|x86.ActiveCfg = Debug|Any CPU
		{6C1F6928-E803-4D49-A2C1-05906C85DF87}.Release|.NET.ActiveCfg = Release|Any CPU
		{6C1F6928-E803-4D49-A2C1-05906C85DF87}.Release|Any CPU.ActiveCfg = Release|Any CPU
		{6C1F6928-E803-4D49-A2C1-05906C85DF87}.Release|Any CPU.Build.0 = Release|Any CPU
		{6C1F6928-E803-4D49-A2C1-05906C85DF87}.Release|Mixed Platforms.ActiveCfg = Release|Any CPU
		{6C1F6928-E803-4D49-A2C1-05906C85DF87}.Release|Mixed Platforms.Build.0 = Release|Any CPU
		{6C1F6928-E803-4D49-A2C1-05906C85DF87}.Release|x86.ActiveCfg = Release|Any CPU
		{E25B4346-86FE-4DC5-AF5A-849B0E34BC72}.Debug|.NET.ActiveCfg = Debug|x86
		{E25B4346-86FE-4DC5-AF5A-849B0E34BC72}.Debug|Any CPU.ActiveCfg = Debug|x86
		{E25B4346-86FE-4DC5-AF5A-849B0E34BC72}.Debug|Mixed Platforms.ActiveCfg = Debug|x86
		{E25B4346-86FE-4DC5-AF5A-849B0E34BC72}.Debug|Mixed Platforms.Build.0 = Debug|x86
		{E25B4346-86FE-4DC5-AF5A-849B0E34BC72}.Debug|x86.ActiveCfg = Debug|x86
		{E25B4346-86FE-4DC5-AF5A-849B0E34BC72}.Debug|x86.Build.0 = Debug|x86
		{E25B4346-86FE-4DC5-AF5A-849B0E34BC72}.Release|.NET.ActiveCfg = Release|x86
		{E25B4346-86FE-4DC5-AF5A-849B0E34BC72}.Release|Any CPU.ActiveCfg = Release|x86
		{E25B4346-86FE-4DC5-AF5A-849B0E34BC72}.Release|Mixed Platforms.ActiveCfg = Release|x86
		{E25B4346-86FE-4DC5-AF5A-849B0E34BC72}.Release|Mixed Platforms.Build.0 = Release|x86
		{E25B4346-86FE-4DC5-AF5A-849B0E34BC72}.Release|x86.ActiveCfg = Release|x86
		{E25B4346-86FE-4DC5-AF5A-849B0E34BC72}.Release|x86.Build.0 = Release|x86
		{34299267-9DF8-4C81-8132-05D4F7E5E4D4}.Debug|.NET.ActiveCfg = Debug|x86
		{34299267-9DF8-4C81-8132-05D4F7E5E4D4}.Debug|Any CPU.ActiveCfg = Debug|x86
		{34299267-9DF8-4C81-8132-05D4F7E5E4D4}.Debug|Mixed Platforms.ActiveCfg = Debug|x86
		{34299267-9DF8-4C81-8132-05D4F7E5E4D4}.Debug|Mixed Platforms.Build.0 = Debug|x86
		{34299267-9DF8-4C81-8132-05D4F7E5E4D4}.Debug|x86.ActiveCfg = Debug|x86
		{34299267-9DF8-4C81-8132-05D4F7E5E4D4}.Debug|x86.Build.0 = Debug|x86
		{34299267-9DF8-4C81-8132-05D4F7E5E4D4}.Release|.NET.ActiveCfg = Release|x86
		{34299267-9DF8-4C81-8132-05D4F7E5E4D4}.Release|Any CPU.ActiveCfg = Release|x86
		{34299267-9DF8-4C81-8132-05D4F7E5E4D4}.Release|Mixed Platforms.ActiveCfg = Release|x86
		{34299267-9DF8-4C81-8132-05D4F7E5E4D4}.Release|Mixed Platforms.Build.0 = Release|x86
		{34299267-9DF8-4C81-8132-05D4F7E5E4D4}.Release|x86.ActiveCfg = Release|x86
		{34299267-9DF8-4C81-8132-05D4F7E5E4D4}.Release|x86.Build.0 = Release|x86
		{4E883180-6FC7-4D46-B937-9E440FF36D13}.Debug|.NET.ActiveCfg = Debug|x86
		{4E883180-6FC7-4D46-B937-9E440FF36D13}.Debug|Any CPU.ActiveCfg = Debug|x86
		{4E883180-6FC7-4D46-B937-9E440FF36D13}.Debug|Mixed Platforms.ActiveCfg = Debug|x86
		{4E883180-6FC7-4D46-B937-9E440FF36D13}.Debug|Mixed Platforms.Build.0 = Debug|x86
		{4E883180-6FC7-4D46-B937-9E440FF36D13}.Debug|x86.ActiveCfg = Debug|x86
		{4E883180-6FC7-4D46-B937-9E440FF36D13}.Debug|x86.Build.0 = Debug|x86
		{4E883180-6FC7-4D46-B937-9E440FF36D13}.Release|.NET.ActiveCfg = Release|x86
		{4E883180-6FC7-4D46-B937-9E440FF36D13}.Release|Any CPU.ActiveCfg = Release|x86
		{4E883180-6FC7-4D46-B937-9E440FF36D13}.Release|Mixed Platforms.ActiveCfg = Release|x86
		{4E883180-6FC7-4D46-B937-9E440FF36D13}.Release|Mixed Platforms.Build.0 = Release|x86
		{4E883180-6FC7-4D46-B937-9E440FF36D13}.Release|x86.ActiveCfg = Release|x86
		{4E883180-6FC7-4D46-B937-9E440FF36D13}.Release|x86.Build.0 = Release|x86
		{766EE863-FBDE-48BB-9698-9F592CDC1E09}.Debug|.NET.ActiveCfg = Debug|x86
		{766EE863-FBDE-48BB-9698-9F592CDC1E09}.Debug|Any CPU.ActiveCfg = Debug|x86
		{766EE863-FBDE-48BB-9698-9F592CDC1E09}.Debug|Mixed Platforms.ActiveCfg = Debug|x86
		{766EE863-FBDE-48BB-9698-9F592CDC1E09}.Debug|Mixed Platforms.Build.0 = Debug|x86
		{766EE863-FBDE-48BB-9698-9F592CDC1E09}.Debug|x86.ActiveCfg = Debug|x86
		{766EE863-FBDE-48BB-9698-9F592CDC1E09}.Debug|x86.Build.0 = Debug|x86
		{766EE863-FBDE-48BB-9698-9F592CDC1E09}.Release|.NET.ActiveCfg = Release|x86
		{766EE863-FBDE-48BB-9698-9F592CDC1E09}.Release|Any CPU.ActiveCfg = Release|x86
		{766EE863-FBDE-48BB-9698-9F592CDC1E09}.Release|Mixed Platforms.ActiveCfg = Release|x86
		{766EE863-FBDE-48BB-9698-9F592CDC1E09}.Release|Mixed Platforms.Build.0 = Release|x86
		{766EE863-FBDE-48BB-9698-9F592CDC1E09}.Release|x86.ActiveCfg = Release|x86
		{766EE863-FBDE-48BB-9698-9F592CDC1E09}.Release|x86.Build.0 = Release|x86
		{E395E9CF-1001-4D36-9401-34942544A0B3}.Debug|.NET.ActiveCfg = Debug|x86
		{E395E9CF-1001-4D36-9401-34942544A0B3}.Debug|Any CPU.ActiveCfg = Debug|x86
		{E395E9CF-1001-4D36-9401-34942544A0B3}.Debug|Mixed Platforms.ActiveCfg = Debug|x86
		{E395E9CF-1001-4D36-9401-34942544A0B3}.Debug|Mixed Platforms.Build.0 = Debug|x86
		{E395E9CF-1001-4D36-9401-34942544A0B3}.Debug|x86.ActiveCfg = Debug|x86
		{E395E9CF-1001-4D36-9401-34942544A0B3}.Debug|x86.Build.0 = Debug|x86
		{E395E9CF-1001-4D36-9401-34942544A0B3}.Release|.NET.ActiveCfg = Release|x86
		{E395E9CF-1001-4D36-9401-34942544A0B3}.Release|Any CPU.ActiveCfg = Release|x86
		{E395E9CF-1001-4D36-9401-34942544A0B3}.Release|Mixed Platforms.ActiveCfg = Release|x86
		{E395E9CF-1001-4D36-9401-34942544A0B3}.Release|Mixed Platforms.Build.0 = Release|x86
		{E395E9CF-1001-4D36-9401-34942544A0B3}.Release|x86.ActiveCfg = Release|x86
		{E395E9CF-1001-4D36-9401-34942544A0B3}.Release|x86.Build.0 = Release|x86
		{A728184A-5B01-47C7-87E6-B2D47171906A}.Debug|.NET.ActiveCfg = Debug|x86
		{A728184A-5B01-47C7-87E6-B2D47171906A}.Debug|Any CPU.ActiveCfg = Debug|x86
		{A728184A-5B01-47C7-87E6-B2D47171906A}.Debug|Mixed Platforms.ActiveCfg = Debug|x86
		{A728184A-5B01-47C7-87E6-B2D47171906A}.Debug|Mixed Platforms.Build.0 = Debug|x86
		{A728184A-5B01-47C7-87E6-B2D47171906A}.Debug|x86.ActiveCfg = Debug|x86
		{A728184A-5B01-47C7-87E6-B2D47171906A}.Debug|x86.Build.0 = Debug|x86
		{A728184A-5B01-47C7-87E6-B2D47171906A}.Release|.NET.ActiveCfg = Release|x86
		{A728184A-5B01-47C7-87E6-B2D47171906A}.Release|Any CPU.ActiveCfg = Release|x86
		{A728184A-5B01-47C7-87E6-B2D47171906A}.Release|Mixed Platforms.ActiveCfg = Release|x86
		{A728184A-5B01-47C7-87E6-B2D47171906A}.Release|Mixed Platforms.Build.0 = Release|x86
		{A728184A-5B01-47C7-87E6-B2D47171906A}.Release|x86.ActiveCfg = Release|x86
		{A728184A-5B01-47C7-87E6-B2D47171906A}.Release|x86.Build.0 = Release|x86
		{8BA0A333-4A1D-4A93-ADE2-2BD10C73C65E}.Debug|.NET.ActiveCfg = Debug|x86
		{8BA0A333-4A1D-4A93-ADE2-2BD10C73C65E}.Debug|Any CPU.ActiveCfg = Debug|x86
		{8BA0A333-4A1D-4A93-ADE2-2BD10C73C65E}.Debug|Mixed Platforms.ActiveCfg = Debug|x86
		{8BA0A333-4A1D-4A93-ADE2-2BD10C73C65E}.Debug|Mixed Platforms.Build.0 = Debug|x86
		{8BA0A333-4A1D-4A93-ADE2-2BD10C73C65E}.Debug|x86.ActiveCfg = Debug|x86
		{8BA0A333-4A1D-4A93-ADE2-2BD10C73C65E}.Debug|x86.Build.0 = Debug|x86
		{8BA0A333-4A1D-4A93-ADE2-2BD10C73C65E}.Release|.NET.ActiveCfg = Release|x86
		{8BA0A333-4A1D-4A93-ADE2-2BD10C73C65E}.Release|Any CPU.ActiveCfg = Release|x86
		{8BA0A333-4A1D-4A93-ADE2-2BD10C73C65E}.Release|Mixed Platforms.ActiveCfg = Release|x86
		{8BA0A333-4A1D-4A93-ADE2-2BD10C73C65E}.Release|Mixed Platforms.Build.0 = Release|x86
		{8BA0A333-4A1D-4A93-ADE2-2BD10C73C65E}.Release|x86.ActiveCfg = Release|x86
		{8BA0A333-4A1D-4A93-ADE2-2BD10C73C65E}.Release|x86.Build.0 = Release|x86
		{4B0004AE-2FD2-440C-B026-78DC8DF6409B}.Debug|.NET.ActiveCfg = Debug|x86
		{4B0004AE-2FD2-440C-B026-78DC8DF6409B}.Debug|Any CPU.ActiveCfg = Debug|x86
		{4B0004AE-2FD2-440C-B026-78DC8DF6409B}.Debug|Mixed Platforms.ActiveCfg = Debug|x86
		{4B0004AE-2FD2-440C-B026-78DC8DF6409B}.Debug|Mixed Platforms.Build.0 = Debug|x86
		{4B0004AE-2FD2-440C-B026-78DC8DF6409B}.Debug|x86.ActiveCfg = Debug|x86
		{4B0004AE-2FD2-440C-B026-78DC8DF6409B}.Debug|x86.Build.0 = Debug|x86
		{4B0004AE-2FD2-440C-B026-78DC8DF6409B}.Release|.NET.ActiveCfg = Release|x86
		{4B0004AE-2FD2-440C-B026-78DC8DF6409B}.Release|Any CPU.ActiveCfg = Release|x86
		{4B0004AE-2FD2-440C-B026-78DC8DF6409B}.Release|Mixed Platforms.ActiveCfg = Release|x86
		{4B0004AE-2FD2-440C-B026-78DC8DF6409B}.Release|Mixed Platforms.Build.0 = Release|x86
		{4B0004AE-2FD2-440C-B026-78DC8DF6409B}.Release|x86.ActiveCfg = Release|x86
		{4B0004AE-2FD2-440C-B026-78DC8DF6409B}.Release|x86.Build.0 = Release|x86
		{6C56FDF7-E1B3-4DD6-96F3-7687F42635F9}.Debug|.NET.ActiveCfg = Debug|x86
		{6C56FDF7-E1B3-4DD6-96F3-7687F42635F9}.Debug|Any CPU.ActiveCfg = Debug|x86
		{6C56FDF7-E1B3-4DD6-96F3-7687F42635F9}.Debug|Mixed Platforms.ActiveCfg = Debug|x86
		{6C56FDF7-E1B3-4DD6-96F3-7687F42635F9}.Debug|Mixed Platforms.Build.0 = Debug|x86
		{6C56FDF7-E1B3-4DD6-96F3-7687F42635F9}.Debug|x86.ActiveCfg = Debug|x86
		{6C56FDF7-E1B3-4DD6-96F3-7687F42635F9}.Debug|x86.Build.0 = Debug|x86
		{6C56FDF7-E1B3-4DD6-96F3-7687F42635F9}.Release|.NET.ActiveCfg = Release|x86
		{6C56FDF7-E1B3-4DD6-96F3-7687F42635F9}.Release|Any CPU.ActiveCfg = Release|x86
		{6C56FDF7-E1B3-4DD6-96F3-7687F42635F9}.Release|Mixed Platforms.ActiveCfg = Release|x86
		{6C56FDF7-E1B3-4DD6-96F3-7687F42635F9}.Release|Mixed Platforms.Build.0 = Release|x86
		{6C56FDF7-E1B3-4DD6-96F3-7687F42635F9}.Release|x86.ActiveCfg = Release|x86
		{6C56FDF7-E1B3-4DD6-96F3-7687F42635F9}.Release|x86.Build.0 = Release|x86
		{E4EF1D65-5858-4775-9C55-C694EC3558FD}.Debug|.NET.ActiveCfg = Debug|x86
		{E4EF1D65-5858-4775-9C55-C694EC3558FD}.Debug|Any CPU.ActiveCfg = Debug|x86
		{E4EF1D65-5858-4775-9C55-C694EC3558FD}.Debug|Mixed Platforms.ActiveCfg = Debug|x86
		{E4EF1D65-5858-4775-9C55-C694EC3558FD}.Debug|Mixed Platforms.Build.0 = Debug|x86
		{E4EF1D65-5858-4775-9C55-C694EC3558FD}.Debug|x86.ActiveCfg = Debug|x86
		{E4EF1D65-5858-4775-9C55-C694EC3558FD}.Debug|x86.Build.0 = Debug|x86
		{E4EF1D65-5858-4775-9C55-C694EC3558FD}.Release|.NET.ActiveCfg = Release|x86
		{E4EF1D65-5858-4775-9C55-C694EC3558FD}.Release|Any CPU.ActiveCfg = Release|x86
		{E4EF1D65-5858-4775-9C55-C694EC3558FD}.Release|Mixed Platforms.ActiveCfg = Release|x86
		{E4EF1D65-5858-4775-9C55-C694EC3558FD}.Release|Mixed Platforms.Build.0 = Release|x86
		{E4EF1D65-5858-4775-9C55-C694EC3558FD}.Release|x86.ActiveCfg = Release|x86
		{E4EF1D65-5858-4775-9C55-C694EC3558FD}.Release|x86.Build.0 = Release|x86
		{8308585D-D2E3-48BE-B295-B1E1EB592B5E}.Debug|.NET.ActiveCfg = Debug|x86
		{8308585D-D2E3-48BE-B295-B1E1EB592B5E}.Debug|Any CPU.ActiveCfg = Debug|x86
		{8308585D-D2E3-48BE-B295-B1E1EB592B5E}.Debug|Mixed Platforms.ActiveCfg = Debug|x86
		{8308585D-D2E3-48BE-B295-B1E1EB592B5E}.Debug|Mixed Platforms.Build.0 = Debug|x86
		{8308585D-D2E3-48BE-B295-B1E1EB592B5E}.Debug|x86.ActiveCfg = Debug|x86
		{8308585D-D2E3-48BE-B295-B1E1EB592B5E}.Debug|x86.Build.0 = Debug|x86
		{8308585D-D2E3-48BE-B295-B1E1EB592B5E}.Release|.NET.ActiveCfg = Release|x86
		{8308585D-D2E3-48BE-B295-B1E1EB592B5E}.Release|Any CPU.ActiveCfg = Release|x86
		{8308585D-D2E3-48BE-B295-B1E1EB592B5E}.Release|Mixed Platforms.ActiveCfg = Release|x86
		{8308585D-D2E3-48BE-B295-B1E1EB592B5E}.Release|Mixed Platforms.Build.0 = Release|x86
		{8308585D-D2E3-48BE-B295-B1E1EB592B5E}.Release|x86.ActiveCfg = Release|x86
		{8308585D-D2E3-48BE-B295-B1E1EB592B5E}.Release|x86.Build.0 = Release|x86
		{24C47E25-622F-46A5-8E07-13ACF5A1FA43}.Debug|.NET.ActiveCfg = Debug|x86
		{24C47E25-622F-46A5-8E07-13ACF5A1FA43}.Debug|Any CPU.ActiveCfg = Debug|x86
		{24C47E25-622F-46A5-8E07-13ACF5A1FA43}.Debug|Mixed Platforms.ActiveCfg = Debug|x86
		{24C47E25-622F-46A5-8E07-13ACF5A1FA43}.Debug|Mixed Platforms.Build.0 = Debug|x86
		{24C47E25-622F-46A5-8E07-13ACF5A1FA43}.Debug|x86.ActiveCfg = Debug|x86
		{24C47E25-622F-46A5-8E07-13ACF5A1FA43}.Debug|x86.Build.0 = Debug|x86
		{24C47E25-622F-46A5-8E07-13ACF5A1FA43}.Release|.NET.ActiveCfg = Release|x86
		{24C47E25-622F-46A5-8E07-13ACF5A1FA43}.Release|Any CPU.ActiveCfg = Release|x86
		{24C47E25-622F-46A5-8E07-13ACF5A1FA43}.Release|Mixed Platforms.ActiveCfg = Release|x86
		{24C47E25-622F-46A5-8E07-13ACF5A1FA43}.Release|Mixed Platforms.Build.0 = Release|x86
		{24C47E25-622F-46A5-8E07-13ACF5A1FA43}.Release|x86.ActiveCfg = Release|x86
		{24C47E25-622F-46A5-8E07-13ACF5A1FA43}.Release|x86.Build.0 = Release|x86
		{0FBE9A33-DF77-49E0-9110-51421ACE2A17}.Debug|.NET.ActiveCfg = Debug|x86
		{0FBE9A33-DF77-49E0-9110-51421ACE2A17}.Debug|Any CPU.ActiveCfg = Debug|x86
		{0FBE9A33-DF77-49E0-9110-51421ACE2A17}.Debug|Mixed Platforms.ActiveCfg = Debug|x86
		{0FBE9A33-DF77-49E0-9110-51421ACE2A17}.Debug|Mixed Platforms.Build.0 = Debug|x86
		{0FBE9A33-DF77-49E0-9110-51421ACE2A17}.Debug|x86.ActiveCfg = Debug|x86
		{0FBE9A33-DF77-49E0-9110-51421ACE2A17}.Debug|x86.Build.0 = Debug|x86
		{0FBE9A33-DF77-49E0-9110-51421ACE2A17}.Release|.NET.ActiveCfg = Release|x86
		{0FBE9A33-DF77-49E0-9110-51421ACE2A17}.Release|Any CPU.ActiveCfg = Release|x86
		{0FBE9A33-DF77-49E0-9110-51421ACE2A17}.Release|Mixed Platforms.ActiveCfg = Release|x86
		{0FBE9A33-DF77-49E0-9110-51421ACE2A17}.Release|Mixed Platforms.Build.0 = Release|x86
		{0FBE9A33-DF77-49E0-9110-51421ACE2A17}.Release|x86.ActiveCfg = Release|x86
		{0FBE9A33-DF77-49E0-9110-51421ACE2A17}.Release|x86.Build.0 = Release|x86
		{D4361B20-83C2-41F0-997A-361CAD6B3692}.Debug|.NET.ActiveCfg = Debug|x86
		{D4361B20-83C2-41F0-997A-361CAD6B3692}.Debug|Any CPU.ActiveCfg = Debug|x86
		{D4361B20-83C2-41F0-997A-361CAD6B3692}.Debug|Mixed Platforms.ActiveCfg = Debug|x86
		{D4361B20-83C2-41F0-997A-361CAD6B3692}.Debug|Mixed Platforms.Build.0 = Debug|x86
		{D4361B20-83C2-41F0-997A-361CAD6B3692}.Debug|x86.ActiveCfg = Debug|x86
		{D4361B20-83C2-41F0-997A-361CAD6B3692}.Debug|x86.Build.0 = Debug|x86
		{D4361B20-83C2-41F0-997A-361CAD6B3692}.Release|.NET.ActiveCfg = Release|x86
		{D4361B20-83C2-41F0-997A-361CAD6B3692}.Release|Any CPU.ActiveCfg = Release|x86
		{D4361B20-83C2-41F0-997A-361CAD6B3692}.Release|Mixed Platforms.ActiveCfg = Release|x86
		{D4361B20-83C2-41F0-997A-361CAD6B3692}.Release|Mixed Platforms.Build.0 = Release|x86
		{D4361B20-83C2-41F0-997A-361CAD6B3692}.Release|x86.ActiveCfg = Release|x86
		{D4361B20-83C2-41F0-997A-361CAD6B3692}.Release|x86.Build.0 = Release|x86
		{EB139086-2650-44CD-A61E-046F886E74BD}.Debug|.NET.ActiveCfg = Debug|x86
		{EB139086-2650-44CD-A61E-046F886E74BD}.Debug|Any CPU.ActiveCfg = Debug|x86
		{EB139086-2650-44CD-A61E-046F886E74BD}.Debug|Mixed Platforms.ActiveCfg = Debug|x86
		{EB139086-2650-44CD-A61E-046F886E74BD}.Debug|Mixed Platforms.Build.0 = Debug|x86
		{EB139086-2650-44CD-A61E-046F886E74BD}.Debug|x86.ActiveCfg = Debug|x86
		{EB139086-2650-44CD-A61E-046F886E74BD}.Debug|x86.Build.0 = Debug|x86
		{EB139086-2650-44CD-A61E-046F886E74BD}.Release|.NET.ActiveCfg = Release|x86
		{EB139086-2650-44CD-A61E-046F886E74BD}.Release|Any CPU.ActiveCfg = Release|x86
		{EB139086-2650-44CD-A61E-046F886E74BD}.Release|Mixed Platforms.ActiveCfg = Release|x86
		{EB139086-2650-44CD-A61E-046F886E74BD}.Release|Mixed Platforms.Build.0 = Release|x86
		{EB139086-2650-44CD-A61E-046F886E74BD}.Release|x86.ActiveCfg = Release|x86
		{EB139086-2650-44CD-A61E-046F886E74BD}.Release|x86.Build.0 = Release|x86
		{9D5268C7-C84D-4537-BC80-D1686CD8AAFE}.Debug|.NET.ActiveCfg = Debug|x86
		{9D5268C7-C84D-4537-BC80-D1686CD8AAFE}.Debug|Any CPU.ActiveCfg = Debug|x86
		{9D5268C7-C84D-4537-BC80-D1686CD8AAFE}.Debug|Mixed Platforms.ActiveCfg = Debug|x86
		{9D5268C7-C84D-4537-BC80-D1686CD8AAFE}.Debug|Mixed Platforms.Build.0 = Debug|x86
		{9D5268C7-C84D-4537-BC80-D1686CD8AAFE}.Debug|x86.ActiveCfg = Debug|x86
		{9D5268C7-C84D-4537-BC80-D1686CD8AAFE}.Debug|x86.Build.0 = Debug|x86
		{9D5268C7-C84D-4537-BC80-D1686CD8AAFE}.Release|.NET.ActiveCfg = Release|x86
		{9D5268C7-C84D-4537-BC80-D1686CD8AAFE}.Release|Any CPU.ActiveCfg = Release|x86
		{9D5268C7-C84D-4537-BC80-D1686CD8AAFE}.Release|Mixed Platforms.ActiveCfg = Release|x86
		{9D5268C7-C84D-4537-BC80-D1686CD8AAFE}.Release|Mixed Platforms.Build.0 = Release|x86
		{9D5268C7-C84D-4537-BC80-D1686CD8AAFE}.Release|x86.ActiveCfg = Release|x86
		{9D5268C7-C84D-4537-BC80-D1686CD8AAFE}.Release|x86.Build.0 = Release|x86
		{1746A7B8-983C-4B30-BCA3-0C271C925AF9}.Debug|.NET.ActiveCfg = Debug|x86
		{1746A7B8-983C-4B30-BCA3-0C271C925AF9}.Debug|Any CPU.ActiveCfg = Debug|x86
		{1746A7B8-983C-4B30-BCA3-0C271C925AF9}.Debug|Mixed Platforms.ActiveCfg = Debug|x86
		{1746A7B8-983C-4B30-BCA3-0C271C925AF9}.Debug|Mixed Platforms.Build.0 = Debug|x86
		{1746A7B8-983C-4B30-BCA3-0C271C925AF9}.Debug|x86.ActiveCfg = Debug|x86
		{1746A7B8-983C-4B30-BCA3-0C271C925AF9}.Debug|x86.Build.0 = Debug|x86
		{1746A7B8-983C-4B30-BCA3-0C271C925AF9}.Release|.NET.ActiveCfg = Release|x86
		{1746A7B8-983C-4B30-BCA3-0C271C925AF9}.Release|Any CPU.ActiveCfg = Release|x86
		{1746A7B8-983C-4B30-BCA3-0C271C925AF9}.Release|Mixed Platforms.ActiveCfg = Release|x86
		{1746A7B8-983C-4B30-BCA3-0C271C925AF9}.Release|Mixed Platforms.Build.0 = Release|x86
		{1746A7B8-983C-4B30-BCA3-0C271C925AF9}.Release|x86.ActiveCfg = Release|x86
		{1746A7B8-983C-4B30-BCA3-0C271C925AF9}.Release|x86.Build.0 = Release|x86
		{7D6423CA-0721-4621-9116-7F82875686F7}.Debug|.NET.ActiveCfg = Debug|x86
		{7D6423CA-0721-4621-9116-7F82875686F7}.Debug|Any CPU.ActiveCfg = Debug|x86
		{7D6423CA-0721-4621-9116-7F82875686F7}.Debug|Mixed Platforms.ActiveCfg = Debug|x86
		{7D6423CA-0721-4621-9116-7F82875686F7}.Debug|Mixed Platforms.Build.0 = Debug|x86
		{7D6423CA-0721-4621-9116-7F82875686F7}.Debug|x86.ActiveCfg = Debug|x86
		{7D6423CA-0721-4621-9116-7F82875686F7}.Debug|x86.Build.0 = Debug|x86
		{7D6423CA-0721-4621-9116-7F82875686F7}.Release|.NET.ActiveCfg = Release|x86
		{7D6423CA-0721-4621-9116-7F82875686F7}.Release|Any CPU.ActiveCfg = Release|x86
		{7D6423CA-0721-4621-9116-7F82875686F7}.Release|Mixed Platforms.ActiveCfg = Release|x86
		{7D6423CA-0721-4621-9116-7F82875686F7}.Release|Mixed Platforms.Build.0 = Release|x86
		{7D6423CA-0721-4621-9116-7F82875686F7}.Release|x86.ActiveCfg = Release|x86
		{7D6423CA-0721-4621-9116-7F82875686F7}.Release|x86.Build.0 = Release|x86
		{2ED220BB-4EE9-41BB-894B-198DB1AFA085}.Debug|.NET.ActiveCfg = Debug|x86
		{2ED220BB-4EE9-41BB-894B-198DB1AFA085}.Debug|Any CPU.ActiveCfg = Debug|x86
		{2ED220BB-4EE9-41BB-894B-198DB1AFA085}.Debug|Mixed Platforms.ActiveCfg = Debug|x86
		{2ED220BB-4EE9-41BB-894B-198DB1AFA085}.Debug|Mixed Platforms.Build.0 = Debug|x86
		{2ED220BB-4EE9-41BB-894B-198DB1AFA085}.Debug|x86.ActiveCfg = Debug|x86
		{2ED220BB-4EE9-41BB-894B-198DB1AFA085}.Debug|x86.Build.0 = Debug|x86
		{2ED220BB-4EE9-41BB-894B-198DB1AFA085}.Release|.NET.ActiveCfg = Release|x86
		{2ED220BB-4EE9-41BB-894B-198DB1AFA085}.Release|Any CPU.ActiveCfg = Release|x86
		{2ED220BB-4EE9-41BB-894B-198DB1AFA085}.Release|Mixed Platforms.ActiveCfg = Release|x86
		{2ED220BB-4EE9-41BB-894B-198DB1AFA085}.Release|Mixed Platforms.Build.0 = Release|x86
		{2ED220BB-4EE9-41BB-894B-198DB1AFA085}.Release|x86.ActiveCfg = Release|x86
		{2ED220BB-4EE9-41BB-894B-198DB1AFA085}.Release|x86.Build.0 = Release|x86
		{5ADE3B7F-00FB-4C2F-A904-15F389CAD597}.Debug|.NET.ActiveCfg = Debug|x86
		{5ADE3B7F-00FB-4C2F-A904-15F389CAD597}.Debug|Any CPU.ActiveCfg = Debug|x86
		{5ADE3B7F-00FB-4C2F-A904-15F389CAD597}.Debug|Mixed Platforms.ActiveCfg = Debug|x86
		{5ADE3B7F-00FB-4C2F-A904-15F389CAD597}.Debug|Mixed Platforms.Build.0 = Debug|x86
		{5ADE3B7F-00FB-4C2F-A904-15F389CAD597}.Debug|x86.ActiveCfg = Debug|x86
		{5ADE3B7F-00FB-4C2F-A904-15F389CAD597}.Debug|x86.Build.0 = Debug|x86
		{5ADE3B7F-00FB-4C2F-A904-15F389CAD597}.Release|.NET.ActiveCfg = Release|x86
		{5ADE3B7F-00FB-4C2F-A904-15F389CAD597}.Release|Any CPU.ActiveCfg = Release|x86
		{5ADE3B7F-00FB-4C2F-A904-15F389CAD597}.Release|Mixed Platforms.ActiveCfg = Release|x86
		{5ADE3B7F-00FB-4C2F-A904-15F389CAD597}.Release|Mixed Platforms.Build.0 = Release|x86
		{5ADE3B7F-00FB-4C2F-A904-15F389CAD597}.Release|x86.ActiveCfg = Release|x86
		{5ADE3B7F-00FB-4C2F-A904-15F389CAD597}.Release|x86.Build.0 = Release|x86
		{2F1D9530-7899-4CC1-8D5B-14A3496F9C8D}.Debug|.NET.ActiveCfg = Debug|x86
		{2F1D9530-7899-4CC1-8D5B-14A3496F9C8D}.Debug|Any CPU.ActiveCfg = Debug|x86
		{2F1D9530-7899-4CC1-8D5B-14A3496F9C8D}.Debug|Mixed Platforms.ActiveCfg = Debug|x86
		{2F1D9530-7899-4CC1-8D5B-14A3496F9C8D}.Debug|Mixed Platforms.Build.0 = Debug|x86
		{2F1D9530-7899-4CC1-8D5B-14A3496F9C8D}.Debug|x86.ActiveCfg = Debug|x86
		{2F1D9530-7899-4CC1-8D5B-14A3496F9C8D}.Debug|x86.Build.0 = Debug|x86
		{2F1D9530-7899-4CC1-8D5B-14A3496F9C8D}.Release|.NET.ActiveCfg = Release|x86
		{2F1D9530-7899-4CC1-8D5B-14A3496F9C8D}.Release|Any CPU.ActiveCfg = Release|x86
		{2F1D9530-7899-4CC1-8D5B-14A3496F9C8D}.Release|Mixed Platforms.ActiveCfg = Release|x86
		{2F1D9530-7899-4CC1-8D5B-14A3496F9C8D}.Release|Mixed Platforms.Build.0 = Release|x86
		{2F1D9530-7899-4CC1-8D5B-14A3496F9C8D}.Release|x86.ActiveCfg = Release|x86
		{2F1D9530-7899-4CC1-8D5B-14A3496F9C8D}.Release|x86.Build.0 = Release|x86
		{A7238E72-3262-45C7-B01C-6A2D809AF550}.Debug|.NET.ActiveCfg = Debug|x86
		{A7238E72-3262-45C7-B01C-6A2D809AF550}.Debug|Any CPU.ActiveCfg = Debug|x86
		{A7238E72-3262-45C7-B01C-6A2D809AF550}.Debug|Mixed Platforms.ActiveCfg = Debug|x86
		{A7238E72-3262-45C7-B01C-6A2D809AF550}.Debug|Mixed Platforms.Build.0 = Debug|x86
		{A7238E72-3262-45C7-B01C-6A2D809AF550}.Debug|x86.ActiveCfg = Debug|x86
		{A7238E72-3262-45C7-B01C-6A2D809AF550}.Debug|x86.Build.0 = Debug|x86
		{A7238E72-3262-45C7-B01C-6A2D809AF550}.Release|.NET.ActiveCfg = Release|x86
		{A7238E72-3262-45C7-B01C-6A2D809AF550}.Release|Any CPU.ActiveCfg = Release|x86
		{A7238E72-3262-45C7-B01C-6A2D809AF550}.Release|Mixed Platforms.ActiveCfg = Release|x86
		{A7238E72-3262-45C7-B01C-6A2D809AF550}.Release|Mixed Platforms.Build.0 = Release|x86
		{A7238E72-3262-45C7-B01C-6A2D809AF550}.Release|x86.ActiveCfg = Release|x86
		{A7238E72-3262-45C7-B01C-6A2D809AF550}.Release|x86.Build.0 = Release|x86
		{AB3A711B-FD17-414A-957A-E07783C66D70}.Debug|.NET.ActiveCfg = Debug|x86
		{AB3A711B-FD17-414A-957A-E07783C66D70}.Debug|Any CPU.ActiveCfg = Debug|x86
		{AB3A711B-FD17-414A-957A-E07783C66D70}.Debug|Mixed Platforms.ActiveCfg = Debug|x86
		{AB3A711B-FD17-414A-957A-E07783C66D70}.Debug|Mixed Platforms.Build.0 = Debug|x86
		{AB3A711B-FD17-414A-957A-E07783C66D70}.Debug|x86.ActiveCfg = Debug|x86
		{AB3A711B-FD17-414A-957A-E07783C66D70}.Debug|x86.Build.0 = Debug|x86
		{AB3A711B-FD17-414A-957A-E07783C66D70}.Release|.NET.ActiveCfg = Release|x86
		{AB3A711B-FD17-414A-957A-E07783C66D70}.Release|Any CPU.ActiveCfg = Release|x86
		{AB3A711B-FD17-414A-957A-E07783C66D70}.Release|Mixed Platforms.ActiveCfg = Release|x86
		{AB3A711B-FD17-414A-957A-E07783C66D70}.Release|Mixed Platforms.Build.0 = Release|x86
		{AB3A711B-FD17-414A-957A-E07783C66D70}.Release|x86.ActiveCfg = Release|x86
		{AB3A711B-FD17-414A-957A-E07783C66D70}.Release|x86.Build.0 = Release|x86
		{FEEA325E-FEF7-4F91-A345-FCAE3CEF42D7}.Debug|.NET.ActiveCfg = Debug|x86
		{FEEA325E-FEF7-4F91-A345-FCAE3CEF42D7}.Debug|Any CPU.ActiveCfg = Debug|x86
		{FEEA325E-FEF7-4F91-A345-FCAE3CEF42D7}.Debug|Mixed Platforms.ActiveCfg = Debug|x86
		{FEEA325E-FEF7-4F91-A345-FCAE3CEF42D7}.Debug|Mixed Platforms.Build.0 = Debug|x86
		{FEEA325E-FEF7-4F91-A345-FCAE3CEF42D7}.Debug|x86.ActiveCfg = Debug|x86
		{FEEA325E-FEF7-4F91-A345-FCAE3CEF42D7}.Debug|x86.Build.0 = Debug|x86
		{FEEA325E-FEF7-4F91-A345-FCAE3CEF42D7}.Release|.NET.ActiveCfg = Release|x86
		{FEEA325E-FEF7-4F91-A345-FCAE3CEF42D7}.Release|Any CPU.ActiveCfg = Release|x86
		{FEEA325E-FEF7-4F91-A345-FCAE3CEF42D7}.Release|Mixed Platforms.ActiveCfg = Release|x86
		{FEEA325E-FEF7-4F91-A345-FCAE3CEF42D7}.Release|Mixed Platforms.Build.0 = Release|x86
		{FEEA325E-FEF7-4F91-A345-FCAE3CEF42D7}.Release|x86.ActiveCfg = Release|x86
		{FEEA325E-FEF7-4F91-A345-FCAE3CEF42D7}.Release|x86.Build.0 = Release|x86
		{74CC5A13-A3DA-4FEE-B63C-4B7968272F8E}.Debug|.NET.ActiveCfg = Debug|x86
		{74CC5A13-A3DA-4FEE-B63C-4B7968272F8E}.Debug|Any CPU.ActiveCfg = Debug|x86
		{74CC5A13-A3DA-4FEE-B63C-4B7968272F8E}.Debug|Mixed Platforms.ActiveCfg = Debug|x86
		{74CC5A13-A3DA-4FEE-B63C-4B7968272F8E}.Debug|Mixed Platforms.Build.0 = Debug|x86
		{74CC5A13-A3DA-4FEE-B63C-4B7968272F8E}.Debug|x86.ActiveCfg = Debug|x86
		{74CC5A13-A3DA-4FEE-B63C-4B7968272F8E}.Debug|x86.Build.0 = Debug|x86
		{74CC5A13-A3DA-4FEE-B63C-4B7968272F8E}.Release|.NET.ActiveCfg = Release|x86
		{74CC5A13-A3DA-4FEE-B63C-4B7968272F8E}.Release|Any CPU.ActiveCfg = Release|x86
		{74CC5A13-A3DA-4FEE-B63C-4B7968272F8E}.Release|Mixed Platforms.ActiveCfg = Release|x86
		{74CC5A13-A3DA-4FEE-B63C-4B7968272F8E}.Release|Mixed Platforms.Build.0 = Release|x86
		{74CC5A13-A3DA-4FEE-B63C-4B7968272F8E}.Release|x86.ActiveCfg = Release|x86
		{74CC5A13-A3DA-4FEE-B63C-4B7968272F8E}.Release|x86.Build.0 = Release|x86
		{2E2E7E09-BE5F-408C-889A-7622E4A36724}.Debug|.NET.ActiveCfg = Debug|x86
		{2E2E7E09-BE5F-408C-889A-7622E4A36724}.Debug|Any CPU.ActiveCfg = Debug|x86
		{2E2E7E09-BE5F-408C-889A-7622E4A36724}.Debug|Mixed Platforms.ActiveCfg = Debug|x86
		{2E2E7E09-BE5F-408C-889A-7622E4A36724}.Debug|Mixed Platforms.Build.0 = Debug|x86
		{2E2E7E09-BE5F-408C-889A-7622E4A36724}.Debug|x86.ActiveCfg = Debug|x86
		{2E2E7E09-BE5F-408C-889A-7622E4A36724}.Debug|x86.Build.0 = Debug|x86
		{2E2E7E09-BE5F-408C-889A-7622E4A36724}.Release|.NET.ActiveCfg = Release|x86
		{2E2E7E09-BE5F-408C-889A-7622E4A36724}.Release|Any CPU.ActiveCfg = Release|x86
		{2E2E7E09-BE5F-408C-889A-7622E4A36724}.Release|Mixed Platforms.ActiveCfg = Release|x86
		{2E2E7E09-BE5F-408C-889A-7622E4A36724}.Release|Mixed Platforms.Build.0 = Release|x86
		{2E2E7E09-BE5F-408C-889A-7622E4A36724}.Release|x86.ActiveCfg = Release|x86
		{2E2E7E09-BE5F-408C-889A-7622E4A36724}.Release|x86.Build.0 = Release|x86
		{265DE541-2943-476F-8593-349B3B9429BB}.Debug|.NET.ActiveCfg = Debug|x86
		{265DE541-2943-476F-8593-349B3B9429BB}.Debug|Any CPU.ActiveCfg = Debug|x86
		{265DE541-2943-476F-8593-349B3B9429BB}.Debug|Mixed Platforms.ActiveCfg = Debug|x86
		{265DE541-2943-476F-8593-349B3B9429BB}.Debug|Mixed Platforms.Build.0 = Debug|x86
		{265DE541-2943-476F-8593-349B3B9429BB}.Debug|x86.ActiveCfg = Debug|x86
		{265DE541-2943-476F-8593-349B3B9429BB}.Debug|x86.Build.0 = Debug|x86
		{265DE541-2943-476F-8593-349B3B9429BB}.Release|.NET.ActiveCfg = Release|x86
		{265DE541-2943-476F-8593-349B3B9429BB}.Release|Any CPU.ActiveCfg = Release|x86
		{265DE541-2943-476F-8593-349B3B9429BB}.Release|Mixed Platforms.ActiveCfg = Release|x86
		{265DE541-2943-476F-8593-349B3B9429BB}.Release|Mixed Platforms.Build.0 = Release|x86
		{265DE541-2943-476F-8593-349B3B9429BB}.Release|x86.ActiveCfg = Release|x86
		{265DE541-2943-476F-8593-349B3B9429BB}.Release|x86.Build.0 = Release|x86
		{E646FE49-92A7-4BE4-A506-E792E6BC0971}.Debug|.NET.ActiveCfg = Debug|x86
		{E646FE49-92A7-4BE4-A506-E792E6BC0971}.Debug|Any CPU.ActiveCfg = Debug|x86
		{E646FE49-92A7-4BE4-A506-E792E6BC0971}.Debug|Mixed Platforms.ActiveCfg = Debug|x86
		{E646FE49-92A7-4BE4-A506-E792E6BC0971}.Debug|Mixed Platforms.Build.0 = Debug|x86
		{E646FE49-92A7-4BE4-A506-E792E6BC0971}.Debug|x86.ActiveCfg = Debug|x86
		{E646FE49-92A7-4BE4-A506-E792E6BC0971}.Debug|x86.Build.0 = Debug|x86
		{E646FE49-92A7-4BE4-A506-E792E6BC0971}.Release|.NET.ActiveCfg = Release|x86
		{E646FE49-92A7-4BE4-A506-E792E6BC0971}.Release|Any CPU.ActiveCfg = Release|x86
		{E646FE49-92A7-4BE4-A506-E792E6BC0971}.Release|Mixed Platforms.ActiveCfg = Release|x86
		{E646FE49-92A7-4BE4-A506-E792E6BC0971}.Release|Mixed Platforms.Build.0 = Release|x86
		{E646FE49-92A7-4BE4-A506-E792E6BC0971}.Release|x86.ActiveCfg = Release|x86
		{E646FE49-92A7-4BE4-A506-E792E6BC0971}.Release|x86.Build.0 = Release|x86
		{C0A71C3E-313F-4B22-B700-5D6C639AFD64}.Debug|.NET.ActiveCfg = Debug|x86
		{C0A71C3E-313F-4B22-B700-5D6C639AFD64}.Debug|Any CPU.ActiveCfg = Debug|x86
		{C0A71C3E-313F-4B22-B700-5D6C639AFD64}.Debug|Mixed Platforms.ActiveCfg = Debug|x86
		{C0A71C3E-313F-4B22-B700-5D6C639AFD64}.Debug|Mixed Platforms.Build.0 = Debug|x86
		{C0A71C3E-313F-4B22-B700-5D6C639AFD64}.Debug|x86.ActiveCfg = Debug|x86
		{C0A71C3E-313F-4B22-B700-5D6C639AFD64}.Debug|x86.Build.0 = Debug|x86
		{C0A71C3E-313F-4B22-B700-5D6C639AFD64}.Release|.NET.ActiveCfg = Release|x86
		{C0A71C3E-313F-4B22-B700-5D6C639AFD64}.Release|Any CPU.ActiveCfg = Release|x86
		{C0A71C3E-313F-4B22-B700-5D6C639AFD64}.Release|Mixed Platforms.ActiveCfg = Release|x86
		{C0A71C3E-313F-4B22-B700-5D6C639AFD64}.Release|Mixed Platforms.Build.0 = Release|x86
		{C0A71C3E-313F-4B22-B700-5D6C639AFD64}.Release|x86.ActiveCfg = Release|x86
		{C0A71C3E-313F-4B22-B700-5D6C639AFD64}.Release|x86.Build.0 = Release|x86
		{225B0F2C-3653-4EB7-8FB8-8B4EBA649890}.Debug|.NET.ActiveCfg = Debug|x86
		{225B0F2C-3653-4EB7-8FB8-8B4EBA649890}.Debug|Any CPU.ActiveCfg = Debug|x86
		{225B0F2C-3653-4EB7-8FB8-8B4EBA649890}.Debug|Mixed Platforms.ActiveCfg = Debug|x86
		{225B0F2C-3653-4EB7-8FB8-8B4EBA649890}.Debug|Mixed Platforms.Build.0 = Debug|x86
		{225B0F2C-3653-4EB7-8FB8-8B4EBA649890}.Debug|x86.ActiveCfg = Debug|x86
		{225B0F2C-3653-4EB7-8FB8-8B4EBA649890}.Debug|x86.Build.0 = Debug|x86
		{225B0F2C-3653-4EB7-8FB8-8B4EBA649890}.Release|.NET.ActiveCfg = Release|x86
		{225B0F2C-3653-4EB7-8FB8-8B4EBA649890}.Release|Any CPU.ActiveCfg = Release|x86
		{225B0F2C-3653-4EB7-8FB8-8B4EBA649890}.Release|Mixed Platforms.ActiveCfg = Release|x86
		{225B0F2C-3653-4EB7-8FB8-8B4EBA649890}.Release|Mixed Platforms.Build.0 = Release|x86
		{225B0F2C-3653-4EB7-8FB8-8B4EBA649890}.Release|x86.ActiveCfg = Release|x86
		{225B0F2C-3653-4EB7-8FB8-8B4EBA649890}.Release|x86.Build.0 = Release|x86
		{FB438498-4AEC-4B7E-8BB6-C679D15F2396}.Debug|.NET.ActiveCfg = Debug|x86
		{FB438498-4AEC-4B7E-8BB6-C679D15F2396}.Debug|Any CPU.ActiveCfg = Debug|x86
		{FB438498-4AEC-4B7E-8BB6-C679D15F2396}.Debug|Mixed Platforms.ActiveCfg = Debug|x86
		{FB438498-4AEC-4B7E-8BB6-C679D15F2396}.Debug|Mixed Platforms.Build.0 = Debug|x86
		{FB438498-4AEC-4B7E-8BB6-C679D15F2396}.Debug|x86.ActiveCfg = Debug|x86
		{FB438498-4AEC-4B7E-8BB6-C679D15F2396}.Debug|x86.Build.0 = Debug|x86
		{FB438498-4AEC-4B7E-8BB6-C679D15F2396}.Release|.NET.ActiveCfg = Release|x86
		{FB438498-4AEC-4B7E-8BB6-C679D15F2396}.Release|Any CPU.ActiveCfg = Release|x86
		{FB438498-4AEC-4B7E-8BB6-C679D15F2396}.Release|Mixed Platforms.ActiveCfg = Release|x86
		{FB438498-4AEC-4B7E-8BB6-C679D15F2396}.Release|Mixed Platforms.Build.0 = Release|x86
		{FB438498-4AEC-4B7E-8BB6-C679D15F2396}.Release|x86.ActiveCfg = Release|x86
		{FB438498-4AEC-4B7E-8BB6-C679D15F2396}.Release|x86.Build.0 = Release|x86
		{4A8317B8-0E0F-4339-BF1B-18DE0AB97BC9}.Debug|.NET.ActiveCfg = Debug|x86
		{4A8317B8-0E0F-4339-BF1B-18DE0AB97BC9}.Debug|Any CPU.ActiveCfg = Debug|x86
		{4A8317B8-0E0F-4339-BF1B-18DE0AB97BC9}.Debug|Mixed Platforms.ActiveCfg = Debug|x86
		{4A8317B8-0E0F-4339-BF1B-18DE0AB97BC9}.Debug|Mixed Platforms.Build.0 = Debug|x86
		{4A8317B8-0E0F-4339-BF1B-18DE0AB97BC9}.Debug|x86.ActiveCfg = Debug|x86
		{4A8317B8-0E0F-4339-BF1B-18DE0AB97BC9}.Debug|x86.Build.0 = Debug|x86
		{4A8317B8-0E0F-4339-BF1B-18DE0AB97BC9}.Release|.NET.ActiveCfg = Release|x86
		{4A8317B8-0E0F-4339-BF1B-18DE0AB97BC9}.Release|Any CPU.ActiveCfg = Release|x86
		{4A8317B8-0E0F-4339-BF1B-18DE0AB97BC9}.Release|Mixed Platforms.ActiveCfg = Release|x86
		{4A8317B8-0E0F-4339-BF1B-18DE0AB97BC9}.Release|Mixed Platforms.Build.0 = Release|x86
		{4A8317B8-0E0F-4339-BF1B-18DE0AB97BC9}.Release|x86.ActiveCfg = Release|x86
		{4A8317B8-0E0F-4339-BF1B-18DE0AB97BC9}.Release|x86.Build.0 = Release|x86
	EndGlobalSection
	GlobalSection(SolutionProperties) = preSolution
		HideSolutionNode = FALSE
	EndGlobalSection
EndGlobal
